{
  "originHash" : "2440fac3135a4f530f3d28261db348a20305fb23d8b5915ee0d92b4ca4a739a5",
  "pins" : [
    {
      "identity" : "axissegmentedview",
      "kind" : "remoteSourceControl",
      "location" : "https://github.com/jasudev/axissegmentedview",
      "state" : {
        "revision" : "4a9a9c6c5b32b51e5d2fd4c30e8c475658853131",
        "version" : "0.5.2"
      }
    }
  ],
  "version" : 3
}
