PODS:
  - Alamofire (5.10.2)
  - CombineExt (1.8.0)
  - DeviceKit (5.5.0)
  - FCUUID (1.3.1):
    - UICKeyChainStore (~> 2.1.0)
  - HiBase (1.0.1):
    - ObjectMapper (~> 4.0)
    - SwifterSwift/Foundation (~> 6.0)
    - SwifterSwift/SwiftStdlib (~> 6.0)
  - HiCore (1.0.8):
    - DeviceKit (~> 5.0)
    - FCUUID (~> 1.0)
    - HiBase (~> 1.0)
    - HiLog/Core (~> 1.0)
    - SwifterSwift/CoreGraphics (~> 6.0)
    - SwifterSwift/UIKit (~> 6.0)
  - HiLog/Core (1.0.1)
  - HiLog/SwiftyBeaver (1.0.1):
    - HiLog/Core
    - SwiftyBeaver (~> 2.0)
  - HiNet/Combine (1.0.4):
    - HiNet/Core
    - Moya/Combine (~> 15.0)
  - HiNet/Core (1.0.4):
    - Moya/Core (~> 15.0)
    - ObjectMapper (~> 4.0)
  - HiResource (1.0.1)
  - HiSwiftUI (1.0.1):
    - CombineExt (~> 1.0)
    - HiCore (~> 1.0)
    - HiNet/Combine (~> 1.0)
    - HiResource (~> 1.0)
    - Kingfisher (~> 7.0)
    - Refresh-Hi (~> 0.2)
    - SFSafeSymbols (~> 5.0)
    - SwifterSwift (~> 6.0)
    - SwiftUIKit-Hi (~> 5.0.0)
  - Kingfisher (7.12.0)
  - Moya/Combine (15.0.0):
    - Moya/Core
  - Moya/Core (15.0.0):
    - Alamofire (~> 5.0)
  - ObjectMapper (4.4.2)
  - Parchment (4.1.0)
  - PulseCore (4.2.7)
  - PulseUI (4.2.7):
    - PulseCore (~> 4.2)
  - Refresh-Hi (0.2.1)
  - SFSafeSymbols (5.3.0)
  - SwifterSwift (6.2.0):
    - SwifterSwift/AppKit (= 6.2.0)
    - SwifterSwift/Combine (= 6.2.0)
    - SwifterSwift/CoreAnimation (= 6.2.0)
    - SwifterSwift/CoreGraphics (= 6.2.0)
    - SwifterSwift/CoreLocation (= 6.2.0)
    - SwifterSwift/CryptoKit (= 6.2.0)
    - SwifterSwift/Dispatch (= 6.2.0)
    - SwifterSwift/Foundation (= 6.2.0)
    - SwifterSwift/HealthKit (= 6.2.0)
    - SwifterSwift/MapKit (= 6.2.0)
    - SwifterSwift/SceneKit (= 6.2.0)
    - SwifterSwift/SpriteKit (= 6.2.0)
    - SwifterSwift/StoreKit (= 6.2.0)
    - SwifterSwift/SwiftStdlib (= 6.2.0)
    - SwifterSwift/UIKit (= 6.2.0)
    - SwifterSwift/WebKit (= 6.2.0)
  - SwifterSwift/AppKit (6.2.0)
  - SwifterSwift/Combine (6.2.0)
  - SwifterSwift/CoreAnimation (6.2.0)
  - SwifterSwift/CoreGraphics (6.2.0)
  - SwifterSwift/CoreLocation (6.2.0)
  - SwifterSwift/CryptoKit (6.2.0)
  - SwifterSwift/Dispatch (6.2.0)
  - SwifterSwift/Foundation (6.2.0)
  - SwifterSwift/HealthKit (6.2.0)
  - SwifterSwift/MapKit (6.2.0)
  - SwifterSwift/SceneKit (6.2.0)
  - SwifterSwift/SpriteKit (6.2.0)
  - SwifterSwift/StoreKit (6.2.0)
  - SwifterSwift/SwiftStdlib (6.2.0)
  - SwifterSwift/UIKit (6.2.0)
  - SwifterSwift/WebKit (6.2.0)
  - SwiftUIKit-Hi (5.0.0.1)
  - SwiftyBeaver (2.1.1)
  - UICKeyChainStore (2.1.2)

DEPENDENCIES:
  - HiBase (from `../HiBase`)
  - HiCore (from `../HiCore`)
  - HiLog/SwiftyBeaver (from `../HiLog`)
  - HiNet/Combine (from `../HiNet`)
  - HiResource (from `../HiResource`)
  - HiSwiftUI (from `../HiSwiftUI`)
  - Parchment (~> 4.0)
  - PulseCore (~> 4.2.7)
  - PulseUI (~> 4.2.7)

SPEC REPOS:
  https://github.com/CocoaPods/Specs.git:
    - Alamofire
    - CombineExt
    - DeviceKit
    - FCUUID
    - Kingfisher
    - Moya
    - ObjectMapper
    - Parchment
    - PulseCore
    - PulseUI
    - Refresh-Hi
    - SFSafeSymbols
    - SwifterSwift
    - SwiftUIKit-Hi
    - SwiftyBeaver
    - UICKeyChainStore

EXTERNAL SOURCES:
  HiBase:
    :path: "../HiBase"
  HiCore:
    :path: "../HiCore"
  HiLog:
    :path: "../HiLog"
  HiNet:
    :path: "../HiNet"
  HiResource:
    :path: "../HiResource"
  HiSwiftUI:
    :path: "../HiSwiftUI"

SPEC CHECKSUMS:
  Alamofire: 7193b3b92c74a07f85569e1a6c4f4237291e7496
  CombineExt: c4daa97ef75754d8ef319bd79edeef82652f3eea
  DeviceKit: d83e38ca196a4ebf0cc5f37d6f0316a24b794d5b
  FCUUID: bb054fc90cd7cd99320f9f6ff8e130fe607fba05
  HiBase: a15c3263370f3e6c45684f982a04eaadf49eea1a
  HiCore: c3b18b2588b9e61f5bed7a5a6e04496fa3cb5b07
  HiLog: 0f8d20ed7466f5bb47c07b1e7c993b67b35b845e
  HiNet: af06211ebee0eba46a58bc7e48016228d1891d97
  HiResource: 231e1e2a84a8589c78b4bf6ff8546fc68136deba
  HiSwiftUI: 36c20b796f437681811e358ba635167745e452e5
  Kingfisher: 53a10ea35051a436b5fb626ca2dd8f3144d755e9
  Moya: 138f0573e53411fb3dc17016add0b748dfbd78ee
  ObjectMapper: e6e4d91ff7f2861df7aecc536c92d8363f4c9677
  Parchment: fdea264f5de6d73b0b69a31c686fab762c78ed2f
  PulseCore: 812f6814b174a27d8b99eced5df7da12b0d8a700
  PulseUI: ae92dca925635b516600c0550c2a3079c0b28158
  Refresh-Hi: ba5a5d5008318a2689036ea66cb1e4f3958c3162
  SFSafeSymbols: c0244d55ef543c7b2c01f3af2d3d2dd9e26dd00c
  SwifterSwift: dd00873fb09cde19da88bdb2878f9fe70fe27b0f
  SwiftUIKit-Hi: 43b5df4f366354f37deacfe77477113f6b4f47c6
  SwiftyBeaver: ade157e4f857812e7d7f15f2e3396bb8733f8a1c
  UICKeyChainStore: 85db518bb1d294366d15ec9b92a416c4e670518f

PODFILE CHECKSUM: 5682f9ab2f9975d743f678e0a9ba69343d3fc17a

COCOAPODS: 1.16.2
